// !$*UTF8*$!
{
	archiveVersion = 1;
	classes = {
	};
	objectVersion = 46;
	objects = {

/* Begin PBXBuildFile section */
		401EE6E31A8DD69F00BBAA2A /* main.m in Sources */ = {isa = PBXBuildFile; fileRef = 401EE6E21A8DD69F00BBAA2A /* main.m */; };
		401EE6E61A8DD69F00BBAA2A /* AppDelegate.m in Sources */ = {isa = PBXBuildFile; fileRef = 401EE6E51A8DD69F00BBAA2A /* AppDelegate.m */; };
		401EE6E91A8DD69F00BBAA2A /* ViewController.m in Sources */ = {isa = PBXBuildFile; fileRef = 401EE6E81A8DD69F00BBAA2A /* ViewController.m */; };
		401EE6EC1A8DD69F00BBAA2A /* Main.storyboard in Resources */ = {isa = PBXBuildFile; fileRef = 401EE6EA1A8DD69F00BBAA2A /* Main.storyboard */; };
		401EE6EE1A8DD69F00BBAA2A /* Images.xcassets in Resources */ = {isa = PBXBuildFile; fileRef = 401EE6ED1A8DD69F00BBAA2A /* Images.xcassets */; };
		401EE6F11A8DD69F00BBAA2A /* LaunchScreen.xib in Resources */ = {isa = PBXBuildFile; fileRef = 401EE6EF1A8DD69F00BBAA2A /* LaunchScreen.xib */; };
		401EE6FD1A8DD69F00BBAA2A /* MatchismoTests.m in Sources */ = {isa = PBXBuildFile; fileRef = 401EE6FC1A8DD69F00BBAA2A /* MatchismoTests.m */; };
/* End PBXBuildFile section */

/* Begin PBXContainerItemProxy section */
		401EE6F71A8DD69F00BBAA2A /* PBXContainerItemProxy */ = {
			isa = PBXContainerItemProxy;
			containerPortal = 401EE6D51A8DD69F00BBAA2A /* Project object */;
			proxyType = 1;
			remoteGlobalIDString = 401EE6DC1A8DD69F00BBAA2A;
			remoteInfo = Matchismo;
		};
/* End PBXContainerItemProxy section */

/* Begin PBXFileReference section */
		401EE6DD1A8DD69F00BBAA2A /* Matchismo.app */ = {isa = PBXFileReference; explicitFileType = wrapper.application; includeInIndex = 0; path = Matchismo.app; sourceTree = BUILT_PRODUCTS_DIR; };
		401EE6E11A8DD69F00BBAA2A /* Info.plist */ = {isa = PBXFileReference; lastKnownFileType = text.plist.xml; path = Info.plist; sourceTree = "<group>"; };
		401EE6E21A8DD69F00BBAA2A /* main.m */ = {isa = PBXFileReference; lastKnownFileType = sourcecode.c.objc; path = main.m; sourceTree = "<group>"; };
		401EE6E41A8DD69F00BBAA2A /* AppDelegate.h */ = {isa = PBXFileReference; lastKnownFileType = sourcecode.c.h; path = AppDelegate.h; sourceTree = "<group>"; };
		401EE6E51A8DD69F00BBAA2A /* AppDelegate.m */ = {isa = PBXFileReference; lastKnownFileType = sourcecode.c.objc; path = AppDelegate.m; sourceTree = "<group>"; };
		401EE6E71A8DD69F00BBAA2A /* ViewController.h */ = {isa = PBXFileReference; lastKnownFileType = sourcecode.c.h; path = ViewController.h; sourceTree = "<group>"; };
		401EE6E81A8DD69F00BBAA2A /* ViewController.m */ = {isa = PBXFileReference; lastKnownFileType = sourcecode.c.objc; path = ViewController.m; sourceTree = "<group>"; };
		401EE6EB1A8DD69F00BBAA2A /* Base */ = {isa = PBXFileReference; lastKnownFileType = file.storyboard; name = Base; path = Base.lproj/Main.storyboard; sourceTree = "<group>"; };
		401EE6ED1A8DD69F00BBAA2A /* Images.xcassets */ = {isa = PBXFileReference; lastKnownFileType = folder.assetcatalog; path = Images.xcassets; sourceTree = "<group>"; };
		401EE6F01A8DD69F00BBAA2A /* Base */ = {isa = PBXFileReference; lastKnownFileType = file.xib; name = Base; path = Base.lproj/LaunchScreen.xib; sourceTree = "<group>"; };
		401EE6F61A8DD69F00BBAA2A /* MatchismoTests.xctest */ = {isa = PBXFileReference; explicitFileType = wrapper.cfbundle; includeInIndex = 0; path = MatchismoTests.xctest; sourceTree = BUILT_PRODUCTS_DIR; };
		401EE6FB1A8DD69F00BBAA2A /* Info.plist */ = {isa = PBXFileReference; lastKnownFileType = text.plist.xml; path = Info.plist; sourceTree = "<group>"; };
		401EE6FC1A8DD69F00BBAA2A /* MatchismoTests.m */ = {isa = PBXFileReference; lastKnownFileType = sourcecode.c.objc; path = MatchismoTests.m; sourceTree = "<group>"; };
/* End PBXFileReference section */

/* Begin PBXFrameworksBuildPhase section */
		401EE6DA1A8DD69F00BBAA2A /* Frameworks */ = {
			isa = PBXFrameworksBuildPhase;
			buildActionMask = 2147483647;
			files = (
			);
			runOnlyForDeploymentPostprocessing = 0;
		};
		401EE6F31A8DD69F00BBAA2A /* Frameworks */ = {
			isa = PBXFrameworksBuildPhase;
			buildActionMask = 2147483647;
			files = (
			);
			runOnlyForDeploymentPostprocessing = 0;
		};
/* End PBXFrameworksBuildPhase section */

/* Begin PBXGroup section */
		401EE6D41A8DD69F00BBAA2A = {
			isa = PBXGroup;
			children = (
				401EE6DF1A8DD69F00BBAA2A /* Matchismo */,
				401EE6F91A8DD69F00BBAA2A /* MatchismoTests */,
				401EE6DE1A8DD69F00BBAA2A /* Products */,
			);
			sourceTree = "<group>";
		};
		401EE6DE1A8DD69F00BBAA2A /* Products */ = {
			isa = PBXGroup;
			children = (
				401EE6DD1A8DD69F00BBAA2A /* Matchismo.app */,
				401EE6F61A8DD69F00BBAA2A /* MatchismoTests.xctest */,
			);
			name = Products;
			sourceTree = "<group>";
		};
		401EE6DF1A8DD69F00BBAA2A /* Matchismo */ = {
			isa = PBXGroup;
			children = (
				401EE6E41A8DD69F00BBAA2A /* AppDelegate.h */,
				401EE6E51A8DD69F00BBAA2A /* AppDelegate.m */,
				401EE6E71A8DD69F00BBAA2A /* ViewController.h */,
				401EE6E81A8DD69F00BBAA2A /* ViewController.m */,
				401EE6EA1A8DD69F00BBAA2A /* Main.storyboard */,
				401EE6ED1A8DD69F00BBAA2A /* Images.xcassets */,
				401EE6EF1A8DD69F00BBAA2A /* LaunchScreen.xib */,
				401EE6E01A8DD69F00BBAA2A /* Supporting Files */,
			);
			path = Matchismo;
			sourceTree = "<group>";
		};
		401EE6E01A8DD69F00BBAA2A /* Supporting Files */ = {
			isa = PBXGroup;
			children = (
				401EE6E11A8DD69F00BBAA2A /* Info.plist */,
				401EE6E21A8DD69F00BBAA2A /* main.m */,
			);
			name = "Supporting Files";
			sourceTree = "<group>";
		};
		401EE6F91A8DD69F00BBAA2A /* MatchismoTests */ = {
			isa = PBXGroup;
			children = (
				401EE6FC1A8DD69F00BBAA2A /* MatchismoTests.m */,
				401EE6FA1A8DD69F00BBAA2A /* Supporting Files */,
			);
			path = MatchismoTests;
			sourceTree = "<group>";
		};
		401EE6FA1A8DD69F00BBAA2A /* Supporting Files */ = {
			isa = PBXGroup;
			children = (
				401EE6FB1A8DD69F00BBAA2A /* Info.plist */,
			);
			name = "Supporting Files";
			sourceTree = "<group>";
		};
/* End PBXGroup section */

/* Begin PBXNativeTarget section */
		401EE6DC1A8DD69F00BBAA2A /* Matchismo */ = {
			isa = PBXNativeTarget;
			buildConfigurationList = 401EE7001A8DD69F00BBAA2A /* Build configuration list for PBXNativeTarget "Matchismo" */;
			buildPhases = (
				401EE6D91A8DD69F00BBAA2A /* Sources */,
				401EE6DA1A8DD69F00BBAA2A /* Frameworks */,
				401EE6DB1A8DD69F00BBAA2A /* Resources */,
			);
			buildRules = (
			);
			dependencies = (
			);
			name = Matchismo;
			productName = Matchismo;
			productReference = 401EE6DD1A8DD69F00BBAA2A /* Matchismo.app */;
			productType = "com.apple.product-type.application";
		};
		401EE6F51A8DD69F00BBAA2A /* MatchismoTests */ = {
			isa = PBXNativeTarget;
			buildConfigurationList = 401EE7031A8DD69F00BBAA2A /* Build configuration list for PBXNativeTarget "MatchismoTests" */;
			buildPhases = (
				401EE6F21A8DD69F00BBAA2A /* Sources */,
				401EE6F31A8DD69F00BBAA2A /* Frameworks */,
				401EE6F41A8DD69F00BBAA2A /* Resources */,
			);
			buildRules = (
			);
			dependencies = (
				401EE6F81A8DD69F00BBAA2A /* PBXTargetDependency */,
			);
			name = MatchismoTests;
			productName = MatchismoTests;
			productReference = 401EE6F61A8DD69F00BBAA2A /* MatchismoTests.xctest */;
			productType = "com.apple.product-type.bundle.unit-test";
		};
/* End PBXNativeTarget section */

/* Begin PBXProject section */
		401EE6D51A8DD69F00BBAA2A /* Project object */ = {
			isa = PBXProject;
			attributes = {
				LastUpgradeCheck = 0610;
				ORGANIZATIONNAME = "S9D Australia";
				TargetAttributes = {
					401EE6DC1A8DD69F00BBAA2A = {
						CreatedOnToolsVersion = 6.1.1;
					};
					401EE6F51A8DD69F00BBAA2A = {
						CreatedOnToolsVersion = 6.1.1;
						TestTargetID = 401EE6DC1A8DD69F00BBAA2A;
					};
				};
			};
			buildConfigurationList = 401EE6D81A8DD69F00BBAA2A /* Build configuration list for PBXProject "Matchismo" */;
			compatibilityVersion = "Xcode 3.2";
			developmentRegion = English;
			hasScannedForEncodings = 0;
			knownRegions = (
				en,
				Base,
			);
			mainGroup = 401EE6D41A8DD69F00BBAA2A;
			productRefGroup = 401EE6DE1A8DD69F00BBAA2A /* Products */;
			projectDirPath = "";
			projectRoot = "";
			targets = (
				401EE6DC1A8DD69F00BBAA2A /* Matchismo */,
				401EE6F51A8DD69F00BBAA2A /* MatchismoTests */,
			);
		};
/* End PBXProject section */

/* Begin PBXResourcesBuildPhase section */
		401EE6DB1A8DD69F00BBAA2A /* Resources */ = {
			isa = PBXResourcesBuildPhase;
			buildActionMask = 2147483647;
			files = (
				401EE6EC1A8DD69F00BBAA2A /* Main.storyboard in Resources */,
				401EE6F11A8DD69F00BBAA2A /* LaunchScreen.xib in Resources */,
				401EE6EE1A8DD69F00BBAA2A /* Images.xcassets in Resources */,
			);
			runOnlyForDeploymentPostprocessing = 0;
		};
		401EE6F41A8DD69F00BBAA2A /* Resources */ = {
			isa = PBXResourcesBuildPhase;
			buildActionMask = 2147483647;
			files = (
			);
			runOnlyForDeploymentPostprocessing = 0;
		};
/* End PBXResourcesBuildPhase section */

/* Begin PBXSourcesBuildPhase section */
		401EE6D91A8DD69F00BBAA2A /* Sources */ = {
			isa = PBXSourcesBuildPhase;
			buildActionMask = 2147483647;
			files = (
				401EE6E91A8DD69F00BBAA2A /* ViewController.m in Sources */,
				401EE6E61A8DD69F00BBAA2A /* AppDelegate.m in Sources */,
				401EE6E31A8DD69F00BBAA2A /* main.m in Sources */,
			);
			runOnlyForDeploymentPostprocessing = 0;
		};
		401EE6F21A8DD69F00BBAA2A /* Sources */ = {
			isa = PBXSourcesBuildPhase;
			buildActionMask = 2147483647;
			files = (
				401EE6FD1A8DD69F00BBAA2A /* MatchismoTests.m in Sources */,
			);
			runOnlyForDeploymentPostprocessing = 0;
		};
/* End PBXSourcesBuildPhase section */

/* Begin PBXTargetDependency section */
		401EE6F81A8DD69F00BBAA2A /* PBXTargetDependency */ = {
			isa = PBXTargetDependency;
			target = 401EE6DC1A8DD69F00BBAA2A /* Matchismo */;
			targetProxy = 401EE6F71A8DD69F00BBAA2A /* PBXContainerItemProxy */;
		};
/* End PBXTargetDependency section */

/* Begin PBXVariantGroup section */
		401EE6EA1A8DD69F00BBAA2A /* Main.storyboard */ = {
			isa = PBXVariantGroup;
			children = (
				401EE6EB1A8DD69F00BBAA2A /* Base */,
			);
			name = Main.storyboard;
			sourceTree = "<group>";
		};
		401EE6EF1A8DD69F00BBAA2A /* LaunchScreen.xib */ = {
			isa = PBXVariantGroup;
			children = (
				401EE6F01A8DD69F00BBAA2A /* Base */,
			);
			name = LaunchScreen.xib;
			sourceTree = "<group>";
		};
/* End PBXVariantGroup section */

/* Begin XCBuildConfiguration section */
		401EE6FE1A8DD69F00BBAA2A /* Debug */ = {
			isa = XCBuildConfiguration;
			buildSettings = {
				ALWAYS_SEARCH_USER_PATHS = NO;
				CLANG_CXX_LANGUAGE_STANDARD = "gnu++0x";
				CLANG_CXX_LIBRARY = "libc++";
				CLANG_ENABLE_MODULES = YES;
				CLANG_ENABLE_OBJC_ARC = YES;
				CLANG_WARN_BOOL_CONVERSION = YES;
				CLANG_WARN_CONSTANT_CONVERSION = YES;
				CLANG_WARN_DIRECT_OBJC_ISA_USAGE = YES_ERROR;
				CLANG_WARN_EMPTY_BODY = YES;
				CLANG_WARN_ENUM_CONVERSION = YES;
				CLANG_WARN_INT_CONVERSION = YES;
				CLANG_WARN_OBJC_ROOT_CLASS = YES_ERROR;
				CLANG_WARN_UNREACHABLE_CODE = YES;
				CLANG_WARN__DUPLICATE_METHOD_MATCH = YES;
				"CODE_SIGN_IDENTITY[sdk=iphoneos*]" = "iPhone Developer";
				COPY_PHASE_STRIP = NO;
				ENABLE_STRICT_OBJC_MSGSEND = YES;
				GCC_C_LANGUAGE_STANDARD = gnu99;
				GCC_DYNAMIC_NO_PIC = NO;
				GCC_OPTIMIZATION_LEVEL = 0;
				GCC_PREPROCESSOR_DEFINITIONS = (
					"DEBUG=1",
					"$(inherited)",
				);
				GCC_SYMBOLS_PRIVATE_EXTERN = NO;
				GCC_WARN_64_TO_32_BIT_CONVERSION = YES;
				GCC_WARN_ABOUT_RETURN_TYPE = YES_ERROR;
				GCC_WARN_UNDECLARED_SELECTOR = YES;
				GCC_WARN_UNINITIALIZED_AUTOS = YES_AGGRESSIVE;
				GCC_WARN_UNUSED_FUNCTION = YES;
				GCC_WARN_UNUSED_VARIABLE = YES;
				IPHONEOS_DEPLOYMENT_TARGET = 8.1;
				MTL_ENABLE_DEBUG_INFO = YES;
				ONLY_ACTIVE_ARCH = YES;
				SDKROOT = iphoneos;
			};
			name = Debug;
		};
		401EE6FF1A8DD69F00BBAA2A /* Release */ = {
			isa = XCBuildConfiguration;
			buildSettings = {
				ALWAYS_SEARCH_USER_PATHS = NO;
				CLANG_CXX_LANGUAGE_STANDARD = "gnu++0x";
				CLANG_CXX_LIBRARY = "libc++";
				CLANG_ENABLE_MODULES = YES;
				CLANG_ENABLE_OBJC_ARC = YES;
				CLANG_WARN_BOOL_CONVERSION = YES;
				CLANG_WARN_CONSTANT_CONVERSION = YES;
				CLANG_WARN_DIRECT_OBJC_ISA_USAGE = YES_ERROR;
				CLANG_WARN_EMPTY_BODY = YES;
				CLANG_WARN_ENUM_CONVERSION = YES;
				CLANG_WARN_INT_CONVERSION = YES;
				CLANG_WARN_OBJC_ROOT_CLASS = YES_ERROR;
				CLANG_WARN_UNREACHABLE_CODE = YES;
				CLANG_WARN__DUPLICATE_METHOD_MATCH = YES;
				"CODE_SIGN_IDENTITY[sdk=iphoneos*]" = "iPhone Developer";
				COPY_PHASE_STRIP = YES;
				ENABLE_NS_ASSERTIONS = NO;
				ENABLE_STRICT_OBJC_MSGSEND = YES;
				GCC_C_LANGUAGE_STANDARD = gnu99;
				GCC_WARN_64_TO_32_BIT_CONVERSION = YES;
				GCC_WARN_ABOUT_RETURN_TYPE = YES_ERROR;
				GCC_WARN_UNDECLARED_SELECTOR = YES;
				GCC_WARN_UNINITIALIZED_AUTOS = YES_AGGRESSIVE;
				GCC_WARN_UNUSED_FUNCTION = YES;
				GCC_WARN_UNUSED_VARIABLE = YES;
				IPHONEOS_DEPLOYMENT_TARGET = 8.1;
				MTL_ENABLE_DEBUG_INFO = NO;
				SDKROOT = iphoneos;
				VALIDATE_PRODUCT = YES;
			};
			name = Release;
		};
		401EE7011A8DD69F00BBAA2A /* Debug */ = {
			isa = XCBuildConfiguration;
			buildSettings = {
				ASSETCATALOG_COMPILER_APPICON_NAME = AppIcon;
				INFOPLIST_FILE = Matchismo/Info.plist;
				LD_RUNPATH_SEARCH_PATHS = "$(inherited) @executable_path/Frameworks";
				PRODUCT_NAME = "$(TARGET_NAME)";
			};
			name = Debug;
		};
		401EE7021A8DD69F00BBAA2A /* Release */ = {
			isa = XCBuildConfiguration;
			buildSettings = {
				ASSETCATALOG_COMPILER_APPICON_NAME = AppIcon;
				INFOPLIST_FILE = Matchismo/Info.plist;
				LD_RUNPATH_SEARCH_PATHS = "$(inherited) @executable_path/Frameworks";
				PRODUCT_NAME = "$(TARGET_NAME)";
			};
			name = Release;
		};
		401EE7041A8DD69F00BBAA2A /* Debug */ = {
			isa = XCBuildConfiguration;
			buildSettings = {
				BUNDLE_LOADER = "$(TEST_HOST)";
				FRAMEWORK_SEARCH_PATHS = (
					"$(SDKROOT)/Developer/Library/Frameworks",
					"$(inherited)",
				);
				GCC_PREPROCESSOR_DEFINITIONS = (
					"DEBUG=1",
					"$(inherited)",
				);
				INFOPLIST_FILE = MatchismoTests/Info.plist;
				LD_RUNPATH_SEARCH_PATHS = "$(inherited) @executable_path/Frameworks @loader_path/Frameworks";
				PRODUCT_NAME = "$(TARGET_NAME)";
				TEST_HOST = "$(BUILT_PRODUCTS_DIR)/Matchismo.app/Matchismo";
			};
			name = Debug;
		};
		401EE7051A8DD69F00BBAA2A /* Release */ = {
			isa = XCBuildConfiguration;
			buildSettings = {
				BUNDLE_LOADER = "$(TEST_HOST)";
				FRAMEWORK_SEARCH_PATHS = (
					"$(SDKROOT)/Developer/Library/Frameworks",
					"$(inherited)",
				);
				INFOPLIST_FILE = MatchismoTests/Info.plist;
				LD_RUNPATH_SEARCH_PATHS = "$(inherited) @executable_path/Frameworks @loader_path/Frameworks";
				PRODUCT_NAME = "$(TARGET_NAME)";
				TEST_HOST = "$(BUILT_PRODUCTS_DIR)/Matchismo.app/Matchismo";
			};
			name = Release;
		};
/* End XCBuildConfiguration section */

/* Begin XCConfigurationList section */
		401EE6D81A8DD69F00BBAA2A /* Build configuration list for PBXProject "Matchismo" */ = {
			isa = XCConfigurationList;
			buildConfigurations = (
				401EE6FE1A8DD69F00BBAA2A /* Debug */,
				401EE6FF1A8DD69F00BBAA2A /* Release */,
			);
			defaultConfigurationIsVisible = 0;
			defaultConfigurationName = Release;
		};
		401EE7001A8DD69F00BBAA2A /* Build configuration list for PBXNativeTarget "Matchismo" */ = {
			isa = XCConfigurationList;
			buildConfigurations = (
				401EE7011A8DD69F00BBAA2A /* Debug */,
				401EE7021A8DD69F00BBAA2A /* Release */,
			);
			defaultConfigurationIsVisible = 0;
		};
		401EE7031A8DD69F00BBAA2A /* Build configuration list for PBXNativeTarget "MatchismoTests" */ = {
			isa = XCConfigurationList;
			buildConfigurations = (
				401EE7041A8DD69F00BBAA2A /* Debug */,
				401EE7051A8DD69F00BBAA2A /* Release */,
			);
			defaultConfigurationIsVisible = 0;
		};
/* End XCConfigurationList section */
	};
	rootObject = 401EE6D51A8DD69F00BBAA2A /* Project object */;
}
